
Microsoft Visual Studio Solution File, Format Version 12.00
# Visual Studio Version 16
VisualStudioVersion = 16.0.31515.178
MinimumVisualStudioVersion = 10.0.40219.1
Project("{2150E333-8FDC-42A3-9474-1A3956D46DE8}") = "Services", "Services", "{4D5ED939-965F-48CD-90A0-105F2905941F}"
EndProject
Project("{2150E333-8FDC-42A3-9474-1A3956D46DE8}") = "Catalog", "Catalog", "{D17ED6B2-367C-4316-A334-9AE85575A703}"
EndProject
Project("{9A19103F-16F7-4668-BE54-9A1E7A4F7556}") = "Catalog.API", "Services\Catalog\Catalog.API\Catalog.API.csproj", "{D0382958-7641-4297-966D-CF478611318D}"
EndProject
Project("{E53339B2-1760-4266-BCC7-CA923CBCF16C}") = "docker-compose", "docker-compose.dcproj", "{B63D2341-E5A0-4AF0-B5EE-8EA299640D8E}"
EndProject
Project("{2150E333-8FDC-42A3-9474-1A3956D46DE8}") = "Basket", "Basket", "{0AB627EF-0584-4731-98A1-808B096F4A72}"
EndProject
Project("{9A19103F-16F7-4668-BE54-9A1E7A4F7556}") = "Basket.API", "Services\Basket\Basket.API\Basket.API.csproj", "{99BACB23-1C67-44ED-B44A-805A75C2A838}"
EndProject
Project("{2150E333-8FDC-42A3-9474-1A3956D46DE8}") = "Discount", "Discount", "{91675895-8096-4C69-A2CA-DDBF8130BB92}"
EndProject
Project("{FAE04EC0-301F-11D3-BF4B-00C04F79EFBC}") = "Discount.API", "Services\Discount\Discount.API\Discount.API.csproj", "{3E68F8B0-35C9-4A50-8551-564A26A279D0}"
EndProject
Global
	GlobalSection(SolutionConfigurationPlatforms) = preSolution
		Debug|Any CPU = Debug|Any CPU
		Release|Any CPU = Release|Any CPU
	EndGlobalSection
	GlobalSection(ProjectConfigurationPlatforms) = postSolution
		{D0382958-7641-4297-966D-CF478611318D}.Debug|Any CPU.ActiveCfg = Debug|Any CPU
		{D0382958-7641-4297-966D-CF478611318D}.Debug|Any CPU.Build.0 = Debug|Any CPU
		{D0382958-7641-4297-966D-CF478611318D}.Release|Any CPU.ActiveCfg = Release|Any CPU
		{D0382958-7641-4297-966D-CF478611318D}.Release|Any CPU.Build.0 = Release|Any CPU
		{B63D2341-E5A0-4AF0-B5EE-8EA299640D8E}.Debug|Any CPU.ActiveCfg = Debug|Any CPU
		{B63D2341-E5A0-4AF0-B5EE-8EA299640D8E}.Debug|Any CPU.Build.0 = Debug|Any CPU
		{B63D2341-E5A0-4AF0-B5EE-8EA299640D8E}.Release|Any CPU.ActiveCfg = Release|Any CPU
		{B63D2341-E5A0-4AF0-B5EE-8EA299640D8E}.Release|Any CPU.Build.0 = Release|Any CPU
		{99BACB23-1C67-44ED-B44A-805A75C2A838}.Debug|Any CPU.ActiveCfg = Debug|Any CPU
		{99BACB23-1C67-44ED-B44A-805A75C2A838}.Debug|Any CPU.Build.0 = Debug|Any CPU
		{99BACB23-1C67-44ED-B44A-805A75C2A838}.Release|Any CPU.ActiveCfg = Release|Any CPU
		{99BACB23-1C67-44ED-B44A-805A75C2A838}.Release|Any CPU.Build.0 = Release|Any CPU
		{3E68F8B0-35C9-4A50-8551-564A26A279D0}.Debug|Any CPU.ActiveCfg = Debug|Any CPU
		{3E68F8B0-35C9-4A50-8551-564A26A279D0}.Debug|Any CPU.Build.0 = Debug|Any CPU
		{3E68F8B0-35C9-4A50-8551-564A26A279D0}.Release|Any CPU.ActiveCfg = Release|Any CPU
		{3E68F8B0-35C9-4A50-8551-564A26A279D0}.Release|Any CPU.Build.0 = Release|Any CPU
	EndGlobalSection
	GlobalSection(SolutionProperties) = preSolution
		HideSolutionNode = FALSE
	EndGlobalSection
	GlobalSection(NestedProjects) = preSolution
		{D17ED6B2-367C-4316-A334-9AE85575A703} = {4D5ED939-965F-48CD-90A0-105F2905941F}
		{D0382958-7641-4297-966D-CF478611318D} = {D17ED6B2-367C-4316-A334-9AE85575A703}
		{0AB627EF-0584-4731-98A1-808B096F4A72} = {4D5ED939-965F-48CD-90A0-105F2905941F}
		{99BACB23-1C67-44ED-B44A-805A75C2A838} = {0AB627EF-0584-4731-98A1-808B096F4A72}
		{91675895-8096-4C69-A2CA-DDBF8130BB92} = {4D5ED939-965F-48CD-90A0-105F2905941F}
		{3E68F8B0-35C9-4A50-8551-564A26A279D0} = {91675895-8096-4C69-A2CA-DDBF8130BB92}
	EndGlobalSection
	GlobalSection(ExtensibilityGlobals) = postSolution
		SolutionGuid = {41F2F667-3344-4F35-B3A5-A2CA84B8A162}
	EndGlobalSection
EndGlobal
